
Microsoft Visual Studio Solution File, Format Version 12.00
# Visual Studio 15
VisualStudioVersion = 15.0.28307.705
MinimumVisualStudioVersion = 10.0.40219.1
Project("{FAE04EC0-301F-11D3-BF4B-00C04F79EFBC}") = "CurrencyFormatConverter", "CurrencyFormatConverter\CurrencyFormatConverter.csproj", "{C6BCCA49-49C8-4FD8-9676-018FCF44AAB4}"
EndProject
Global
	GlobalSection(SolutionConfigurationPlatforms) = preSolution
		Debug|Any CPU = Debug|Any CPU
		Release|Any CPU = Release|Any CPU
	EndGlobalSection
	GlobalSection(ProjectConfigurationPlatforms) = postSolution
		{C6BCCA49-49C8-4FD8-9676-018FCF44AAB4}.Debug|Any CPU.ActiveCfg = Debug|Any CPU
		{C6BCCA49-49C8-4FD8-9676-018FCF44AAB4}.Debug|Any CPU.Build.0 = Debug|Any CPU
		{C6BCCA49-49C8-4FD8-9676-018FCF44AAB4}.Release|Any CPU.ActiveCfg = Release|Any CPU
		{C6BCCA49-49C8-4FD8-9676-018FCF44AAB4}.Release|Any CPU.Build.0 = Release|Any CPU
	EndGlobalSection
	GlobalSection(SolutionProperties) = preSolution
		HideSolutionNode = FALSE
	EndGlobalSection
	GlobalSection(ExtensibilityGlobals) = postSolution
		SolutionGuid = {0C846781-20FA-441E-83BF-B4EE7D09F5DF}
	EndGlobalSection
EndGlobal
